atomicgo.dev/cursor v0.2.0 h1:H6XN5alUJ52FZZUkI7AlJbUc1aW38GWZalpYRPpoPOw=
atomicgo.dev/cursor v0.2.0/go.mod h1:Lr4ZJB3U7DfPPOkbH7/6TOtJ4vFGHlgj1nc+n900IpU=
github.com/google/go-cmp v0.6.0 h1:ofyhxvXcZhMsU5ulbFiLKl/XBFqE1GSq7atu8tAmTRI=
github.com/google/go-cmp v0.6.0/go.mod h1:17dUlkBOakJ0+DkrSSNjCkIjxS6bF9zb3elmeNGIjoY=
github.com/kagadar/go-loop v0.0.0-20240207223102-d1a3f32b37da h1:Jp/PoAx6XYXp5NA1z7NR/3cagG46eY1o7JjnMNVtHr0=
github.com/kagadar/go-loop v0.0.0-20240207223102-d1a3f32b37da/go.mod h1:Z7FYYSLmm2Yec/u6i/SEM65ZYyS13ZKc9X+D981XlLc=
github.com/kagadar/go-pipeline v0.0.0-20240206075744-bd16111e7cd2 h1:G6BBXg/GP5EQNti4ilg/LYkoMa63D05MoKBcRI8CT6Y=
github.com/kagadar/go-pipeline v0.0.0-20240206075744-bd16111e7cd2/go.mod h1:YPelWP4vGIQSGhXpFAfcHehwE8Cg9uFxL0wwDvPU+g0=
github.com/kagadar/go-pipeline v0.0.0-20240211003046-78d5f4590068 h1:zAogYjW4/CREWwsnnoBdjSXTK1nmGbbbPSUCFvOTAj8=
github.com/kagadar/go-pipeline v0.0.0-20240211003046-78d5f4590068/go.mod h1:YPelWP4vGIQSGhXpFAfcHehwE8Cg9uFxL0wwDvPU+g0=
github.com/kagadar/go-set v0.0.0-20240206225126-6b5eba6c5692 h1:qESOvZhX/HESnMHRyOprBWDnIebjCyJHs/z0g9B/qYs=
github.com/kagadar/go-set v0.0.0-20240206225126-6b5eba6c5692/go.mod h1:zA4X57pjIDM/mmrULLAGf1ETqtF0pRSaA5vwwANLOAU=
