atomicgo.dev/cursor v0.2.0 h1:H6XN5alUJ52FZZUkI7AlJbUc1aW38GWZalpYRPpoPOw=
atomicgo.dev/cursor v0.2.0/go.mod h1:Lr4ZJB3U7DfPPOkbH7/6TOtJ4vFGHlgj1nc+n900IpU=
github.com/google/go-cmp v0.6.0 h1:ofyhxvXcZhMsU5ulbFiLKl/XBFqE1GSq7atu8tAmTRI=
github.com/google/go-cmp v0.6.0/go.mod h1:17dUlkBOakJ0+DkrSSNjCkIjxS6bF9zb3elmeNGIjoY=
github.com/kagadar/go-loop v0.0.0-20240206123048-79786c5f11e9 h1:Qvf7cty1OELwhF3IjyFv2VChCUfNAnN6i9QbF1lUe3c=
github.com/kagadar/go-loop v0.0.0-20240206123048-79786c5f11e9/go.mod h1:Z7FYYSLmm2Yec/u6i/SEM65ZYyS13ZKc9X+D981XlLc=
github.com/kagadar/go-pipeline v0.0.0-20240206075744-bd16111e7cd2 h1:G6BBXg/GP5EQNti4ilg/LYkoMa63D05MoKBcRI8CT6Y=
github.com/kagadar/go-pipeline v0.0.0-20240206075744-bd16111e7cd2/go.mod h1:YPelWP4vGIQSGhXpFAfcHehwE8Cg9uFxL0wwDvPU+g0=
